schema: '2.0'
stages:
  tutorial:
    cmd: jupyter nbconvert --to python --execute nbs/00_Running_Models.ipynb --output
      ../scripts/00_Running_Models
    deps:
    - path: nbs/00_Running_Models.ipynb
      md5: 4dd0dff42a9fd5ed852dd067a6f024dc
      size: 2771
    - path: pdm.lock
      md5: 0fc90637ccf91b7b30583489d2a37df4
      size: 315810
    - path: pyproject.toml
      md5: 608b2a1a77d5becf4d60a8c7058b0133
      size: 264
  salience:
    cmd: "papermill  nbs/salience.ipynb  scripts/salience.ipynb -p IMAGE_PATH data/images/StyleGAN-2/000700.png\
      \ -p MODEL_PATH models/weights/Densenet/densenet_cyborg_1/Logs/final_model.pth\
      \ -p NETWORK densenet -p GRADCAM_TYPE gradcam -p SIZE upscaled -p OUTPUT_PATH\
      \ output/cams/000700.png\n"
    deps:
    - path: data/images/StyleGAN-2/000700.png
      md5: 2052b38923e7d53293e256305d704a57
      size: 83659
    - path: models/weights/Densenet/densenet_cyborg_1/Logs/final_model.pth
      md5: e3de51b6a7d7acaed6abe10f28daddf9
      size: 56384714
    - path: nbs/salience.ipynb
      md5: cca13f9627a7778e1efdf2bc544af10b
      size: 510459
    - path: pdm.lock
      md5: 3c993dad4529d622c1706b1a0df68b61
      size: 448083
    - path: pyproject.toml
      md5: ec93310f4e6f477e095f319ca8b93d3d
      size: 605
    outs:
    - path: output/cams/000700.png
      md5: 5d607cf49b4fd19ac704231b1623fb74
      size: 69415
    - path: scripts/salience.ipynb
      md5: 029f8e862881517de8c809382f54222c
      size: 478884
